
Microsoft Visual Studio Solution File, Format Version 12.00
Project("{FAE04EC0-301F-11D3-BF4B-00C04F79EFBC}") = "Solutions", "Solutions\Solutions.csproj", "{B828A73E-B3C4-4E70-B5C2-566B06475E1A}"
EndProject
Project("{FAE04EC0-301F-11D3-BF4B-00C04F79EFBC}") = "Solutions.Test", "Solutions.Test\Solutions.Test.csproj", "{37CF4B95-589A-4CE8-AC58-233F960DA110}"
EndProject
Global
	GlobalSection(SolutionConfigurationPlatforms) = preSolution
		Debug|Any CPU = Debug|Any CPU
		Release|Any CPU = Release|Any CPU
	EndGlobalSection
	GlobalSection(ProjectConfigurationPlatforms) = postSolution
		{B828A73E-B3C4-4E70-B5C2-566B06475E1A}.Debug|Any CPU.ActiveCfg = Debug|Any CPU
		{B828A73E-B3C4-4E70-B5C2-566B06475E1A}.Debug|Any CPU.Build.0 = Debug|Any CPU
		{B828A73E-B3C4-4E70-B5C2-566B06475E1A}.Release|Any CPU.ActiveCfg = Release|Any CPU
		{B828A73E-B3C4-4E70-B5C2-566B06475E1A}.Release|Any CPU.Build.0 = Release|Any CPU
		{37CF4B95-589A-4CE8-AC58-233F960DA110}.Debug|Any CPU.ActiveCfg = Debug|Any CPU
		{37CF4B95-589A-4CE8-AC58-233F960DA110}.Debug|Any CPU.Build.0 = Debug|Any CPU
		{37CF4B95-589A-4CE8-AC58-233F960DA110}.Release|Any CPU.ActiveCfg = Release|Any CPU
		{37CF4B95-589A-4CE8-AC58-233F960DA110}.Release|Any CPU.Build.0 = Release|Any CPU
	EndGlobalSection
EndGlobal
